
Microsoft Visual Studio Solution File, Format Version 12.00
# Visual Studio Version 17
VisualStudioVersion = 17.8.34309.116
MinimumVisualStudioVersion = 10.0.40219.1
Project("{FAE04EC0-301F-11D3-BF4B-00C04F79EFBC}") = "FileManager", "FileManager\FileManager.csproj", "{36B14510-6A5A-4042-ABC6-B69BE1E419A4}"
EndProject
Project("{FAE04EC0-301F-11D3-BF4B-00C04F79EFBC}") = "FileManager.DAL", "FileManager.DAL\FileManager.DAL.csproj", "{57E9950D-BA90-47D4-87AB-04DA2DA237E5}"
EndProject
Project("{FAE04EC0-301F-11D3-BF4B-00C04F79EFBC}") = "FileManager.BLL", "FileManager.BLL\FileManager.BLL.csproj", "{50793721-B3D0-4AE0-9EF8-91FF356ED493}"
EndProject
Project("{FAE04EC0-301F-11D3-BF4B-00C04F79EFBC}") = "FileManager.Contract", "FileManager.Contract\FileManager.Contract.csproj", "{C9D8C3FF-21D7-4B2C-832A-37FD0082828F}"
EndProject
Global
	GlobalSection(SolutionConfigurationPlatforms) = preSolution
		Debug|Any CPU = Debug|Any CPU
		Release|Any CPU = Release|Any CPU
	EndGlobalSection
	GlobalSection(ProjectConfigurationPlatforms) = postSolution
		{36B14510-6A5A-4042-ABC6-B69BE1E419A4}.Debug|Any CPU.ActiveCfg = Debug|Any CPU
		{36B14510-6A5A-4042-ABC6-B69BE1E419A4}.Debug|Any CPU.Build.0 = Debug|Any CPU
		{36B14510-6A5A-4042-ABC6-B69BE1E419A4}.Release|Any CPU.ActiveCfg = Release|Any CPU
		{36B14510-6A5A-4042-ABC6-B69BE1E419A4}.Release|Any CPU.Build.0 = Release|Any CPU
		{57E9950D-BA90-47D4-87AB-04DA2DA237E5}.Debug|Any CPU.ActiveCfg = Debug|Any CPU
		{57E9950D-BA90-47D4-87AB-04DA2DA237E5}.Debug|Any CPU.Build.0 = Debug|Any CPU
		{57E9950D-BA90-47D4-87AB-04DA2DA237E5}.Release|Any CPU.ActiveCfg = Release|Any CPU
		{57E9950D-BA90-47D4-87AB-04DA2DA237E5}.Release|Any CPU.Build.0 = Release|Any CPU
		{50793721-B3D0-4AE0-9EF8-91FF356ED493}.Debug|Any CPU.ActiveCfg = Debug|Any CPU
		{50793721-B3D0-4AE0-9EF8-91FF356ED493}.Debug|Any CPU.Build.0 = Debug|Any CPU
		{50793721-B3D0-4AE0-9EF8-91FF356ED493}.Release|Any CPU.ActiveCfg = Release|Any CPU
		{50793721-B3D0-4AE0-9EF8-91FF356ED493}.Release|Any CPU.Build.0 = Release|Any CPU
		{C9D8C3FF-21D7-4B2C-832A-37FD0082828F}.Debug|Any CPU.ActiveCfg = Debug|Any CPU
		{C9D8C3FF-21D7-4B2C-832A-37FD0082828F}.Debug|Any CPU.Build.0 = Debug|Any CPU
		{C9D8C3FF-21D7-4B2C-832A-37FD0082828F}.Release|Any CPU.ActiveCfg = Release|Any CPU
		{C9D8C3FF-21D7-4B2C-832A-37FD0082828F}.Release|Any CPU.Build.0 = Release|Any CPU
	EndGlobalSection
	GlobalSection(SolutionProperties) = preSolution
		HideSolutionNode = FALSE
	EndGlobalSection
	GlobalSection(ExtensibilityGlobals) = postSolution
		SolutionGuid = {2D1832EE-A0AE-4C51-9BF2-85BD60C44479}
	EndGlobalSection
EndGlobal
